
Microsoft Visual Studio Solution File, Format Version 12.00
Project("{FAE04EC0-301F-11D3-BF4B-00C04F79EFBC}") = "47FirstGitHubPage.Blazor", "47FirstGitHubPage.Blazor\47FirstGitHubPage.Blazor.csproj", "{862CD009-243D-4710-8CF1-CFEDB19E5AE8}"
EndProject
Project("{FAE04EC0-301F-11D3-BF4B-00C04F79EFBC}") = "47FirstGitHubPage.Common", "47FirstGitHubPage.Common\47FirstGitHubPage.Common.csproj", "{DA9C6DC8-56DD-460E-AF29-9C34051D649C}"
EndProject
Global
	GlobalSection(SolutionConfigurationPlatforms) = preSolution
		Debug|Any CPU = Debug|Any CPU
		Release|Any CPU = Release|Any CPU
	EndGlobalSection
	GlobalSection(ProjectConfigurationPlatforms) = postSolution
		{862CD009-243D-4710-8CF1-CFEDB19E5AE8}.Debug|Any CPU.ActiveCfg = Debug|Any CPU
		{862CD009-243D-4710-8CF1-CFEDB19E5AE8}.Debug|Any CPU.Build.0 = Debug|Any CPU
		{862CD009-243D-4710-8CF1-CFEDB19E5AE8}.Release|Any CPU.ActiveCfg = Release|Any CPU
		{862CD009-243D-4710-8CF1-CFEDB19E5AE8}.Release|Any CPU.Build.0 = Release|Any CPU
		{DA9C6DC8-56DD-460E-AF29-9C34051D649C}.Debug|Any CPU.ActiveCfg = Debug|Any CPU
		{DA9C6DC8-56DD-460E-AF29-9C34051D649C}.Debug|Any CPU.Build.0 = Debug|Any CPU
		{DA9C6DC8-56DD-460E-AF29-9C34051D649C}.Release|Any CPU.ActiveCfg = Release|Any CPU
		{DA9C6DC8-56DD-460E-AF29-9C34051D649C}.Release|Any CPU.Build.0 = Release|Any CPU
	EndGlobalSection
EndGlobal
